
Microsoft Visual Studio Solution File, Format Version 12.00
# Visual Studio 15
VisualStudioVersion = 15.0.26730.15
MinimumVisualStudioVersion = 10.0.40219.1
Project("{FAE04EC0-301F-11D3-BF4B-00C04F79EFBC}") = "ClientConnect", "ClientConnect\ClientConnect.csproj", "{655E0079-2989-42F7-9836-AF2DB02D2024}"
EndProject
Global
	GlobalSection(SolutionConfigurationPlatforms) = preSolution
		Debug|Any CPU = Debug|Any CPU
		Release|Any CPU = Release|Any CPU
	EndGlobalSection
	GlobalSection(ProjectConfigurationPlatforms) = postSolution
		{655E0079-2989-42F7-9836-AF2DB02D2024}.Debug|Any CPU.ActiveCfg = Debug|Any CPU
		{655E0079-2989-42F7-9836-AF2DB02D2024}.Debug|Any CPU.Build.0 = Debug|Any CPU
		{655E0079-2989-42F7-9836-AF2DB02D2024}.Release|Any CPU.ActiveCfg = Release|Any CPU
		{655E0079-2989-42F7-9836-AF2DB02D2024}.Release|Any CPU.Build.0 = Release|Any CPU
	EndGlobalSection
	GlobalSection(SolutionProperties) = preSolution
		HideSolutionNode = FALSE
	EndGlobalSection
	GlobalSection(ExtensibilityGlobals) = postSolution
		SolutionGuid = {D6D9896D-198A-4A5D-B97E-5683F35B8AED}
	EndGlobalSection
EndGlobal
